// !$*UTF8*$!
{
	archiveVersion = 1;
	classes = {
	};
	objectVersion = 50;
	objects = {

/* Begin PBXBuildFile section */
		822B68E0265215D100E2D07A /* AppDelegate.swift in Sources */ = {isa = PBXBuildFile; fileRef = 822B68DF265215D100E2D07A /* AppDelegate.swift */; };
		822B68E2265215D100E2D07A /* ViewController.swift in Sources */ = {isa = PBXBuildFile; fileRef = 822B68E1265215D100E2D07A /* ViewController.swift */; };
		822B68E4265215D200E2D07A /* Assets.xcassets in Resources */ = {isa = PBXBuildFile; fileRef = 822B68E3265215D200E2D07A /* Assets.xcassets */; };
		822B68E7265215D200E2D07A /* Main.storyboard in Resources */ = {isa = PBXBuildFile; fileRef = 822B68E5265215D200E2D07A /* Main.storyboard */; };
		82616F07261EE94400C6A3F6 /* AppDelegate.swift in Sources */ = {isa = PBXBuildFile; fileRef = 82616F06261EE94400C6A3F6 /* AppDelegate.swift */; };
		82616F09261EE94400C6A3F6 /* SceneDelegate.swift in Sources */ = {isa = PBXBuildFile; fileRef = 82616F08261EE94400C6A3F6 /* SceneDelegate.swift */; };
		82616F0B261EE94400C6A3F6 /* HomeVC.swift in Sources */ = {isa = PBXBuildFile; fileRef = 82616F0A261EE94400C6A3F6 /* HomeVC.swift */; };
		82616F10261EE94500C6A3F6 /* Assets.xcassets in Resources */ = {isa = PBXBuildFile; fileRef = 82616F0F261EE94500C6A3F6 /* Assets.xcassets */; };
		82616F13261EE94500C6A3F6 /* LaunchScreen.storyboard in Resources */ = {isa = PBXBuildFile; fileRef = 82616F11261EE94500C6A3F6 /* LaunchScreen.storyboard */; };
		82616F1E261EE94600C6A3F6 /* virtual_weaponTests.swift in Sources */ = {isa = PBXBuildFile; fileRef = 82616F1D261EE94600C6A3F6 /* virtual_weaponTests.swift */; };
		82616F29261EE94600C6A3F6 /* virtual_weaponUITests.swift in Sources */ = {isa = PBXBuildFile; fileRef = 82616F28261EE94600C6A3F6 /* virtual_weaponUITests.swift */; };
		82616F43261EEA7A00C6A3F6 /* Motion.swift in Sources */ = {isa = PBXBuildFile; fileRef = 82616F42261EEA7A00C6A3F6 /* Motion.swift */; };
		82616F4B261F009800C6A3F6 /* Weapons.swift in Sources */ = {isa = PBXBuildFile; fileRef = 82616F4A261F009800C6A3F6 /* Weapons.swift */; };
		82616FC226202E5D00C6A3F6 /* LimitedLengthQueue.swift in Sources */ = {isa = PBXBuildFile; fileRef = 82616FC126202E5D00C6A3F6 /* LimitedLengthQueue.swift */; };
		82616FC6262033F300C6A3F6 /* LimitedLengthQueue.swift in Sources */ = {isa = PBXBuildFile; fileRef = 82616FC126202E5D00C6A3F6 /* LimitedLengthQueue.swift */; };
		826170DC262D65DB00C6A3F6 /* DataFarm.swift in Sources */ = {isa = PBXBuildFile; fileRef = 826170DB262D65DB00C6A3F6 /* DataFarm.swift */; };
		826170E6262D671700C6A3F6 /* LICENSE in Resources */ = {isa = PBXBuildFile; fileRef = 826170E4262D671700C6A3F6 /* LICENSE */; };
		826170E7262D671700C6A3F6 /* README.md in Resources */ = {isa = PBXBuildFile; fileRef = 826170E5262D671700C6A3F6 /* README.md */; };
/* End PBXBuildFile section */

/* Begin PBXContainerItemProxy section */
		82616F1A261EE94600C6A3F6 /* PBXContainerItemProxy */ = {
			isa = PBXContainerItemProxy;
			containerPortal = 82616EFB261EE94400C6A3F6 /* Project object */;
			proxyType = 1;
			remoteGlobalIDString = 82616F02261EE94400C6A3F6;
			remoteInfo = "virtual-weapon";
		};
		82616F25261EE94600C6A3F6 /* PBXContainerItemProxy */ = {
			isa = PBXContainerItemProxy;
			containerPortal = 82616EFB261EE94400C6A3F6 /* Project object */;
			proxyType = 1;
			remoteGlobalIDString = 82616F02261EE94400C6A3F6;
			remoteInfo = "virtual-weapon";
		};
/* End PBXContainerItemProxy section */

/* Begin PBXFileReference section */
		822B68DD265215D100E2D07A /* virtual-weapon-monitor.app */ = {isa = PBXFileReference; explicitFileType = wrapper.application; includeInIndex = 0; path = "virtual-weapon-monitor.app"; sourceTree = BUILT_PRODUCTS_DIR; };
		822B68DF265215D100E2D07A /* AppDelegate.swift */ = {isa = PBXFileReference; lastKnownFileType = sourcecode.swift; path = AppDelegate.swift; sourceTree = "<group>"; };
		822B68E1265215D100E2D07A /* ViewController.swift */ = {isa = PBXFileReference; lastKnownFileType = sourcecode.swift; path = ViewController.swift; sourceTree = "<group>"; };
		822B68E3265215D200E2D07A /* Assets.xcassets */ = {isa = PBXFileReference; lastKnownFileType = folder.assetcatalog; path = Assets.xcassets; sourceTree = "<group>"; };
		822B68E6265215D200E2D07A /* Base */ = {isa = PBXFileReference; lastKnownFileType = file.storyboard; name = Base; path = Base.lproj/Main.storyboard; sourceTree = "<group>"; };
		822B68E8265215D200E2D07A /* Info.plist */ = {isa = PBXFileReference; lastKnownFileType = text.plist.xml; path = Info.plist; sourceTree = "<group>"; };
		822B68E9265215D200E2D07A /* virtual_weapon_monitor.entitlements */ = {isa = PBXFileReference; lastKnownFileType = text.plist.entitlements; path = virtual_weapon_monitor.entitlements; sourceTree = "<group>"; };
		82616F03261EE94400C6A3F6 /* virtual-weapon.app */ = {isa = PBXFileReference; explicitFileType = wrapper.application; includeInIndex = 0; path = "virtual-weapon.app"; sourceTree = BUILT_PRODUCTS_DIR; };
		82616F06261EE94400C6A3F6 /* AppDelegate.swift */ = {isa = PBXFileReference; lastKnownFileType = sourcecode.swift; path = AppDelegate.swift; sourceTree = "<group>"; };
		82616F08261EE94400C6A3F6 /* SceneDelegate.swift */ = {isa = PBXFileReference; lastKnownFileType = sourcecode.swift; path = SceneDelegate.swift; sourceTree = "<group>"; };
		82616F0A261EE94400C6A3F6 /* HomeVC.swift */ = {isa = PBXFileReference; lastKnownFileType = sourcecode.swift; path = HomeVC.swift; sourceTree = "<group>"; };
		82616F0F261EE94500C6A3F6 /* Assets.xcassets */ = {isa = PBXFileReference; lastKnownFileType = folder.assetcatalog; path = Assets.xcassets; sourceTree = "<group>"; };
		82616F12261EE94500C6A3F6 /* Base */ = {isa = PBXFileReference; lastKnownFileType = file.storyboard; name = Base; path = Base.lproj/LaunchScreen.storyboard; sourceTree = "<group>"; };
		82616F14261EE94500C6A3F6 /* Info.plist */ = {isa = PBXFileReference; lastKnownFileType = text.plist.xml; path = Info.plist; sourceTree = "<group>"; };
		82616F19261EE94600C6A3F6 /* virtual-weaponTests.xctest */ = {isa = PBXFileReference; explicitFileType = wrapper.cfbundle; includeInIndex = 0; path = "virtual-weaponTests.xctest"; sourceTree = BUILT_PRODUCTS_DIR; };
		82616F1D261EE94600C6A3F6 /* virtual_weaponTests.swift */ = {isa = PBXFileReference; lastKnownFileType = sourcecode.swift; path = virtual_weaponTests.swift; sourceTree = "<group>"; };
		82616F1F261EE94600C6A3F6 /* Info.plist */ = {isa = PBXFileReference; lastKnownFileType = text.plist.xml; path = Info.plist; sourceTree = "<group>"; };
		82616F24261EE94600C6A3F6 /* virtual-weaponUITests.xctest */ = {isa = PBXFileReference; explicitFileType = wrapper.cfbundle; includeInIndex = 0; path = "virtual-weaponUITests.xctest"; sourceTree = BUILT_PRODUCTS_DIR; };
		82616F28261EE94600C6A3F6 /* virtual_weaponUITests.swift */ = {isa = PBXFileReference; lastKnownFileType = sourcecode.swift; path = virtual_weaponUITests.swift; sourceTree = "<group>"; };
		82616F2A261EE94600C6A3F6 /* Info.plist */ = {isa = PBXFileReference; lastKnownFileType = text.plist.xml; path = Info.plist; sourceTree = "<group>"; };
		82616F42261EEA7A00C6A3F6 /* Motion.swift */ = {isa = PBXFileReference; lastKnownFileType = sourcecode.swift; path = Motion.swift; sourceTree = "<group>"; };
		82616F4A261F009800C6A3F6 /* Weapons.swift */ = {isa = PBXFileReference; lastKnownFileType = sourcecode.swift; path = Weapons.swift; sourceTree = "<group>"; };
		82616FC126202E5D00C6A3F6 /* LimitedLengthQueue.swift */ = {isa = PBXFileReference; lastKnownFileType = sourcecode.swift; path = LimitedLengthQueue.swift; sourceTree = "<group>"; };
		826170DB262D65DB00C6A3F6 /* DataFarm.swift */ = {isa = PBXFileReference; lastKnownFileType = sourcecode.swift; path = DataFarm.swift; sourceTree = "<group>"; };
		826170E4262D671700C6A3F6 /* LICENSE */ = {isa = PBXFileReference; fileEncoding = 4; lastKnownFileType = text; path = LICENSE; sourceTree = "<group>"; };
		826170E5262D671700C6A3F6 /* README.md */ = {isa = PBXFileReference; fileEncoding = 4; lastKnownFileType = net.daringfireball.markdown; path = README.md; sourceTree = "<group>"; };
/* End PBXFileReference section */

/* Begin PBXFrameworksBuildPhase section */
		822B68DA265215D100E2D07A /* Frameworks */ = {
			isa = PBXFrameworksBuildPhase;
			buildActionMask = 2147483647;
			files = (
			);
			runOnlyForDeploymentPostprocessing = 0;
		};
		82616F00261EE94400C6A3F6 /* Frameworks */ = {
			isa = PBXFrameworksBuildPhase;
			buildActionMask = 2147483647;
			files = (
			);
			runOnlyForDeploymentPostprocessing = 0;
		};
		82616F16261EE94600C6A3F6 /* Frameworks */ = {
			isa = PBXFrameworksBuildPhase;
			buildActionMask = 2147483647;
			files = (
			);
			runOnlyForDeploymentPostprocessing = 0;
		};
		82616F21261EE94600C6A3F6 /* Frameworks */ = {
			isa = PBXFrameworksBuildPhase;
			buildActionMask = 2147483647;
			files = (
			);
			runOnlyForDeploymentPostprocessing = 0;
		};
/* End PBXFrameworksBuildPhase section */

/* Begin PBXGroup section */
		822B68DE265215D100E2D07A /* virtual-weapon-monitor */ = {
			isa = PBXGroup;
			children = (
				822B68DF265215D100E2D07A /* AppDelegate.swift */,
				822B68E1265215D100E2D07A /* ViewController.swift */,
				822B68E3265215D200E2D07A /* Assets.xcassets */,
				822B68E5265215D200E2D07A /* Main.storyboard */,
				822B68E8265215D200E2D07A /* Info.plist */,
				822B68E9265215D200E2D07A /* virtual_weapon_monitor.entitlements */,
			);
			path = "virtual-weapon-monitor";
			sourceTree = "<group>";
		};
		82616EFA261EE94400C6A3F6 = {
			isa = PBXGroup;
			children = (
				826170E4262D671700C6A3F6 /* LICENSE */,
				826170E5262D671700C6A3F6 /* README.md */,
				82616F05261EE94400C6A3F6 /* virtual-weapon */,
				822B68DE265215D100E2D07A /* virtual-weapon-monitor */,
				82616F1C261EE94600C6A3F6 /* virtual-weaponTests */,
				82616F27261EE94600C6A3F6 /* virtual-weaponUITests */,
				82616F04261EE94400C6A3F6 /* Products */,
			);
			sourceTree = "<group>";
		};
		82616F04261EE94400C6A3F6 /* Products */ = {
			isa = PBXGroup;
			children = (
				82616F03261EE94400C6A3F6 /* virtual-weapon.app */,
				82616F19261EE94600C6A3F6 /* virtual-weaponTests.xctest */,
				82616F24261EE94600C6A3F6 /* virtual-weaponUITests.xctest */,
				822B68DD265215D100E2D07A /* virtual-weapon-monitor.app */,
			);
			name = Products;
			sourceTree = "<group>";
		};
		82616F05261EE94400C6A3F6 /* virtual-weapon */ = {
			isa = PBXGroup;
			children = (
				82616F0A261EE94400C6A3F6 /* HomeVC.swift */,
				826170E0262D660A00C6A3F6 /* Central */,
				82616FC026202DF500C6A3F6 /* Utilities */,
				82616FBF26202DE300C6A3F6 /* WeaponSimulation */,
			);
			path = "virtual-weapon";
			sourceTree = "<group>";
		};
		82616F1C261EE94600C6A3F6 /* virtual-weaponTests */ = {
			isa = PBXGroup;
			children = (
				82616F1D261EE94600C6A3F6 /* virtual_weaponTests.swift */,
				82616F1F261EE94600C6A3F6 /* Info.plist */,
			);
			path = "virtual-weaponTests";
			sourceTree = "<group>";
		};
		82616F27261EE94600C6A3F6 /* virtual-weaponUITests */ = {
			isa = PBXGroup;
			children = (
				82616F28261EE94600C6A3F6 /* virtual_weaponUITests.swift */,
				82616F2A261EE94600C6A3F6 /* Info.plist */,
			);
			path = "virtual-weaponUITests";
			sourceTree = "<group>";
		};
		82616FBF26202DE300C6A3F6 /* WeaponSimulation */ = {
			isa = PBXGroup;
			children = (
				82616F42261EEA7A00C6A3F6 /* Motion.swift */,
				82616F4A261F009800C6A3F6 /* Weapons.swift */,
			);
			path = WeaponSimulation;
			sourceTree = "<group>";
		};
		82616FC026202DF500C6A3F6 /* Utilities */ = {
			isa = PBXGroup;
			children = (
				82616FC126202E5D00C6A3F6 /* LimitedLengthQueue.swift */,
				826170DB262D65DB00C6A3F6 /* DataFarm.swift */,
			);
			path = Utilities;
			sourceTree = "<group>";
		};
		826170E0262D660A00C6A3F6 /* Central */ = {
			isa = PBXGroup;
			children = (
				82616F0F261EE94500C6A3F6 /* Assets.xcassets */,
				82616F06261EE94400C6A3F6 /* AppDelegate.swift */,
				82616F08261EE94400C6A3F6 /* SceneDelegate.swift */,
				82616F11261EE94500C6A3F6 /* LaunchScreen.storyboard */,
				82616F14261EE94500C6A3F6 /* Info.plist */,
			);
			path = Central;
			sourceTree = "<group>";
		};
/* End PBXGroup section */

/* Begin PBXNativeTarget section */
		822B68DC265215D100E2D07A /* virtual-weapon-monitor */ = {
			isa = PBXNativeTarget;
			buildConfigurationList = 822B68EA265215D200E2D07A /* Build configuration list for PBXNativeTarget "virtual-weapon-monitor" */;
			buildPhases = (
				822B68D9265215D100E2D07A /* Sources */,
				822B68DA265215D100E2D07A /* Frameworks */,
				822B68DB265215D100E2D07A /* Resources */,
			);
			buildRules = (
			);
			dependencies = (
			);
			name = "virtual-weapon-monitor";
			productName = "virtual-weapon-monitor";
			productReference = 822B68DD265215D100E2D07A /* virtual-weapon-monitor.app */;
			productType = "com.apple.product-type.application";
		};
		82616F02261EE94400C6A3F6 /* virtual-weapon */ = {
			isa = PBXNativeTarget;
			buildConfigurationList = 82616F2D261EE94600C6A3F6 /* Build configuration list for PBXNativeTarget "virtual-weapon" */;
			buildPhases = (
				82616EFF261EE94400C6A3F6 /* Sources */,
				82616F00261EE94400C6A3F6 /* Frameworks */,
				82616F01261EE94400C6A3F6 /* Resources */,
			);
			buildRules = (
			);
			dependencies = (
			);
			name = "virtual-weapon";
			productName = "virtual-weapon";
			productReference = 82616F03261EE94400C6A3F6 /* virtual-weapon.app */;
			productType = "com.apple.product-type.application";
		};
		82616F18261EE94600C6A3F6 /* virtual-weaponTests */ = {
			isa = PBXNativeTarget;
			buildConfigurationList = 82616F30261EE94600C6A3F6 /* Build configuration list for PBXNativeTarget "virtual-weaponTests" */;
			buildPhases = (
				82616F15261EE94600C6A3F6 /* Sources */,
				82616F16261EE94600C6A3F6 /* Frameworks */,
				82616F17261EE94600C6A3F6 /* Resources */,
			);
			buildRules = (
			);
			dependencies = (
				82616F1B261EE94600C6A3F6 /* PBXTargetDependency */,
			);
			name = "virtual-weaponTests";
			productName = "virtual-weaponTests";
			productReference = 82616F19261EE94600C6A3F6 /* virtual-weaponTests.xctest */;
			productType = "com.apple.product-type.bundle.unit-test";
		};
		82616F23261EE94600C6A3F6 /* virtual-weaponUITests */ = {
			isa = PBXNativeTarget;
			buildConfigurationList = 82616F33261EE94600C6A3F6 /* Build configuration list for PBXNativeTarget "virtual-weaponUITests" */;
			buildPhases = (
				82616F20261EE94600C6A3F6 /* Sources */,
				82616F21261EE94600C6A3F6 /* Frameworks */,
				82616F22261EE94600C6A3F6 /* Resources */,
			);
			buildRules = (
			);
			dependencies = (
				82616F26261EE94600C6A3F6 /* PBXTargetDependency */,
			);
			name = "virtual-weaponUITests";
			productName = "virtual-weaponUITests";
			productReference = 82616F24261EE94600C6A3F6 /* virtual-weaponUITests.xctest */;
			productType = "com.apple.product-type.bundle.ui-testing";
		};
/* End PBXNativeTarget section */

/* Begin PBXProject section */
		82616EFB261EE94400C6A3F6 /* Project object */ = {
			isa = PBXProject;
			attributes = {
				LastSwiftUpdateCheck = 1240;
				LastUpgradeCheck = 1220;
				TargetAttributes = {
					822B68DC265215D100E2D07A = {
						CreatedOnToolsVersion = 12.4;
					};
					82616F02261EE94400C6A3F6 = {
						CreatedOnToolsVersion = 12.2;
					};
					82616F18261EE94600C6A3F6 = {
						CreatedOnToolsVersion = 12.2;
						TestTargetID = 82616F02261EE94400C6A3F6;
					};
					82616F23261EE94600C6A3F6 = {
						CreatedOnToolsVersion = 12.2;
						TestTargetID = 82616F02261EE94400C6A3F6;
					};
				};
			};
			buildConfigurationList = 82616EFE261EE94400C6A3F6 /* Build configuration list for PBXProject "virtual-weapon" */;
			compatibilityVersion = "Xcode 9.3";
			developmentRegion = en;
			hasScannedForEncodings = 0;
			knownRegions = (
				en,
				Base,
			);
			mainGroup = 82616EFA261EE94400C6A3F6;
			productRefGroup = 82616F04261EE94400C6A3F6 /* Products */;
			projectDirPath = "";
			projectRoot = "";
			targets = (
				82616F02261EE94400C6A3F6 /* virtual-weapon */,
				822B68DC265215D100E2D07A /* virtual-weapon-monitor */,
				82616F18261EE94600C6A3F6 /* virtual-weaponTests */,
				82616F23261EE94600C6A3F6 /* virtual-weaponUITests */,
			);
		};
/* End PBXProject section */

/* Begin PBXResourcesBuildPhase section */
		822B68DB265215D100E2D07A /* Resources */ = {
			isa = PBXResourcesBuildPhase;
			buildActionMask = 2147483647;
			files = (
				822B68E4265215D200E2D07A /* Assets.xcassets in Resources */,
				822B68E7265215D200E2D07A /* Main.storyboard in Resources */,
			);
			runOnlyForDeploymentPostprocessing = 0;
		};
		82616F01261EE94400C6A3F6 /* Resources */ = {
			isa = PBXResourcesBuildPhase;
			buildActionMask = 2147483647;
			files = (
				82616F13261EE94500C6A3F6 /* LaunchScreen.storyboard in Resources */,
				82616F10261EE94500C6A3F6 /* Assets.xcassets in Resources */,
				826170E7262D671700C6A3F6 /* README.md in Resources */,
				826170E6262D671700C6A3F6 /* LICENSE in Resources */,
			);
			runOnlyForDeploymentPostprocessing = 0;
		};
		82616F17261EE94600C6A3F6 /* Resources */ = {
			isa = PBXResourcesBuildPhase;
			buildActionMask = 2147483647;
			files = (
			);
			runOnlyForDeploymentPostprocessing = 0;
		};
		82616F22261EE94600C6A3F6 /* Resources */ = {
			isa = PBXResourcesBuildPhase;
			buildActionMask = 2147483647;
			files = (
			);
			runOnlyForDeploymentPostprocessing = 0;
		};
/* End PBXResourcesBuildPhase section */

/* Begin PBXSourcesBuildPhase section */
		822B68D9265215D100E2D07A /* Sources */ = {
			isa = PBXSourcesBuildPhase;
			buildActionMask = 2147483647;
			files = (
				822B68E2265215D100E2D07A /* ViewController.swift in Sources */,
				822B68E0265215D100E2D07A /* AppDelegate.swift in Sources */,
			);
			runOnlyForDeploymentPostprocessing = 0;
		};
		82616EFF261EE94400C6A3F6 /* Sources */ = {
			isa = PBXSourcesBuildPhase;
			buildActionMask = 2147483647;
			files = (
				82616F0B261EE94400C6A3F6 /* HomeVC.swift in Sources */,
				82616F43261EEA7A00C6A3F6 /* Motion.swift in Sources */,
				82616F07261EE94400C6A3F6 /* AppDelegate.swift in Sources */,
				82616F09261EE94400C6A3F6 /* SceneDelegate.swift in Sources */,
				826170DC262D65DB00C6A3F6 /* DataFarm.swift in Sources */,
				82616FC226202E5D00C6A3F6 /* LimitedLengthQueue.swift in Sources */,
				82616F4B261F009800C6A3F6 /* Weapons.swift in Sources */,
			);
			runOnlyForDeploymentPostprocessing = 0;
		};
		82616F15261EE94600C6A3F6 /* Sources */ = {
			isa = PBXSourcesBuildPhase;
			buildActionMask = 2147483647;
			files = (
				82616FC6262033F300C6A3F6 /* LimitedLengthQueue.swift in Sources */,
				82616F1E261EE94600C6A3F6 /* virtual_weaponTests.swift in Sources */,
			);
			runOnlyForDeploymentPostprocessing = 0;
		};
		82616F20261EE94600C6A3F6 /* Sources */ = {
			isa = PBXSourcesBuildPhase;
			buildActionMask = 2147483647;
			files = (
				82616F29261EE94600C6A3F6 /* virtual_weaponUITests.swift in Sources */,
			);
			runOnlyForDeploymentPostprocessing = 0;
		};
/* End PBXSourcesBuildPhase section */

/* Begin PBXTargetDependency section */
		82616F1B261EE94600C6A3F6 /* PBXTargetDependency */ = {
			isa = PBXTargetDependency;
			target = 82616F02261EE94400C6A3F6 /* virtual-weapon */;
			targetProxy = 82616F1A261EE94600C6A3F6 /* PBXContainerItemProxy */;
		};
		82616F26261EE94600C6A3F6 /* PBXTargetDependency */ = {
			isa = PBXTargetDependency;
			target = 82616F02261EE94400C6A3F6 /* virtual-weapon */;
			targetProxy = 82616F25261EE94600C6A3F6 /* PBXContainerItemProxy */;
		};
/* End PBXTargetDependency section */

/* Begin PBXVariantGroup section */
		822B68E5265215D200E2D07A /* Main.storyboard */ = {
			isa = PBXVariantGroup;
			children = (
				822B68E6265215D200E2D07A /* Base */,
			);
			name = Main.storyboard;
			sourceTree = "<group>";
		};
		82616F11261EE94500C6A3F6 /* LaunchScreen.storyboard */ = {
			isa = PBXVariantGroup;
			children = (
				82616F12261EE94500C6A3F6 /* Base */,
			);
			name = LaunchScreen.storyboard;
			sourceTree = "<group>";
		};
/* End PBXVariantGroup section */

/* Begin XCBuildConfiguration section */
		822B68EB265215D200E2D07A /* Debug */ = {
			isa = XCBuildConfiguration;
			buildSettings = {
				ASSETCATALOG_COMPILER_APPICON_NAME = AppIcon;
				ASSETCATALOG_COMPILER_GLOBAL_ACCENT_COLOR_NAME = AccentColor;
				CODE_SIGN_ENTITLEMENTS = "virtual-weapon-monitor/virtual_weapon_monitor.entitlements";
				CODE_SIGN_STYLE = Automatic;
				COMBINE_HIDPI_IMAGES = YES;
				DEVELOPMENT_TEAM = RV56STKFC9;
				ENABLE_HARDENED_RUNTIME = YES;
				INFOPLIST_FILE = "virtual-weapon-monitor/Info.plist";
				LD_RUNPATH_SEARCH_PATHS = (
					"$(inherited)",
					"@executable_path/../Frameworks",
				);
				MACOSX_DEPLOYMENT_TARGET = 10.15;
				PRODUCT_BUNDLE_IDENTIFIER = "com.sps17.virtual-weapon-monitor";
				PRODUCT_NAME = "$(TARGET_NAME)";
				SDKROOT = macosx;
				SWIFT_VERSION = 5.0;
			};
			name = Debug;
		};
		822B68EC265215D200E2D07A /* Release */ = {
			isa = XCBuildConfiguration;
			buildSettings = {
				ASSETCATALOG_COMPILER_APPICON_NAME = AppIcon;
				ASSETCATALOG_COMPILER_GLOBAL_ACCENT_COLOR_NAME = AccentColor;
				CODE_SIGN_ENTITLEMENTS = "virtual-weapon-monitor/virtual_weapon_monitor.entitlements";
				CODE_SIGN_STYLE = Automatic;
				COMBINE_HIDPI_IMAGES = YES;
				DEVELOPMENT_TEAM = RV56STKFC9;
				ENABLE_HARDENED_RUNTIME = YES;
				INFOPLIST_FILE = "virtual-weapon-monitor/Info.plist";
				LD_RUNPATH_SEARCH_PATHS = (
					"$(inherited)",
					"@executable_path/../Frameworks",
				);
				MACOSX_DEPLOYMENT_TARGET = 10.15;
				PRODUCT_BUNDLE_IDENTIFIER = "com.sps17.virtual-weapon-monitor";
				PRODUCT_NAME = "$(TARGET_NAME)";
				SDKROOT = macosx;
				SWIFT_VERSION = 5.0;
			};
			name = Release;
		};
		82616F2B261EE94600C6A3F6 /* Debug */ = {
			isa = XCBuildConfiguration;
			buildSettings = {
				ALWAYS_SEARCH_USER_PATHS = NO;
				CLANG_ANALYZER_NONNULL = YES;
				CLANG_ANALYZER_NUMBER_OBJECT_CONVERSION = YES_AGGRESSIVE;
				CLANG_CXX_LANGUAGE_STANDARD = "gnu++14";
				CLANG_CXX_LIBRARY = "libc++";
				CLANG_ENABLE_MODULES = YES;
				CLANG_ENABLE_OBJC_ARC = YES;
				CLANG_ENABLE_OBJC_WEAK = YES;
				CLANG_WARN_BLOCK_CAPTURE_AUTORELEASING = YES;
				CLANG_WARN_BOOL_CONVERSION = YES;
				CLANG_WARN_COMMA = YES;
				CLANG_WARN_CONSTANT_CONVERSION = YES;
				CLANG_WARN_DEPRECATED_OBJC_IMPLEMENTATIONS = YES;
				CLANG_WARN_DIRECT_OBJC_ISA_USAGE = YES_ERROR;
				CLANG_WARN_DOCUMENTATION_COMMENTS = YES;
				CLANG_WARN_EMPTY_BODY = YES;
				CLANG_WARN_ENUM_CONVERSION = YES;
				CLANG_WARN_INFINITE_RECURSION = YES;
				CLANG_WARN_INT_CONVERSION = YES;
				CLANG_WARN_NON_LITERAL_NULL_CONVERSION = YES;
				CLANG_WARN_OBJC_IMPLICIT_RETAIN_SELF = YES;
				CLANG_WARN_OBJC_LITERAL_CONVERSION = YES;
				CLANG_WARN_OBJC_ROOT_CLASS = YES_ERROR;
				CLANG_WARN_QUOTED_INCLUDE_IN_FRAMEWORK_HEADER = YES;
				CLANG_WARN_RANGE_LOOP_ANALYSIS = YES;
				CLANG_WARN_STRICT_PROTOTYPES = YES;
				CLANG_WARN_SUSPICIOUS_MOVE = YES;
				CLANG_WARN_UNGUARDED_AVAILABILITY = YES_AGGRESSIVE;
				CLANG_WARN_UNREACHABLE_CODE = YES;
				CLANG_WARN__DUPLICATE_METHOD_MATCH = YES;
				COPY_PHASE_STRIP = NO;
				DEBUG_INFORMATION_FORMAT = dwarf;
				ENABLE_STRICT_OBJC_MSGSEND = YES;
				ENABLE_TESTABILITY = YES;
				GCC_C_LANGUAGE_STANDARD = gnu11;
				GCC_DYNAMIC_NO_PIC = NO;
				GCC_NO_COMMON_BLOCKS = YES;
				GCC_OPTIMIZATION_LEVEL = 0;
				GCC_PREPROCESSOR_DEFINITIONS = (
					"DEBUG=1",
					"$(inherited)",
				);
				GCC_WARN_64_TO_32_BIT_CONVERSION = YES;
				GCC_WARN_ABOUT_RETURN_TYPE = YES_ERROR;
				GCC_WARN_UNDECLARED_SELECTOR = YES;
				GCC_WARN_UNINITIALIZED_AUTOS = YES_AGGRESSIVE;
				GCC_WARN_UNUSED_FUNCTION = YES;
				GCC_WARN_UNUSED_VARIABLE = YES;
				IPHONEOS_DEPLOYMENT_TARGET = 13.0;
				MTL_ENABLE_DEBUG_INFO = INCLUDE_SOURCE;
				MTL_FAST_MATH = YES;
				ONLY_ACTIVE_ARCH = YES;
				SDKROOT = iphoneos;
				SWIFT_ACTIVE_COMPILATION_CONDITIONS = DEBUG;
				SWIFT_OPTIMIZATION_LEVEL = "-Onone";
			};
			name = Debug;
		};
		82616F2C261EE94600C6A3F6 /* Release */ = {
			isa = XCBuildConfiguration;
			buildSettings = {
				ALWAYS_SEARCH_USER_PATHS = NO;
				CLANG_ANALYZER_NONNULL = YES;
				CLANG_ANALYZER_NUMBER_OBJECT_CONVERSION = YES_AGGRESSIVE;
				CLANG_CXX_LANGUAGE_STANDARD = "gnu++14";
				CLANG_CXX_LIBRARY = "libc++";
				CLANG_ENABLE_MODULES = YES;
				CLANG_ENABLE_OBJC_ARC = YES;
				CLANG_ENABLE_OBJC_WEAK = YES;
				CLANG_WARN_BLOCK_CAPTURE_AUTORELEASING = YES;
				CLANG_WARN_BOOL_CONVERSION = YES;
				CLANG_WARN_COMMA = YES;
				CLANG_WARN_CONSTANT_CONVERSION = YES;
				CLANG_WARN_DEPRECATED_OBJC_IMPLEMENTATIONS = YES;
				CLANG_WARN_DIRECT_OBJC_ISA_USAGE = YES_ERROR;
				CLANG_WARN_DOCUMENTATION_COMMENTS = YES;
				CLANG_WARN_EMPTY_BODY = YES;
				CLANG_WARN_ENUM_CONVERSION = YES;
				CLANG_WARN_INFINITE_RECURSION = YES;
				CLANG_WARN_INT_CONVERSION = YES;
				CLANG_WARN_NON_LITERAL_NULL_CONVERSION = YES;
				CLANG_WARN_OBJC_IMPLICIT_RETAIN_SELF = YES;
				CLANG_WARN_OBJC_LITERAL_CONVERSION = YES;
				CLANG_WARN_OBJC_ROOT_CLASS = YES_ERROR;
				CLANG_WARN_QUOTED_INCLUDE_IN_FRAMEWORK_HEADER = YES;
				CLANG_WARN_RANGE_LOOP_ANALYSIS = YES;
				CLANG_WARN_STRICT_PROTOTYPES = YES;
				CLANG_WARN_SUSPICIOUS_MOVE = YES;
				CLANG_WARN_UNGUARDED_AVAILABILITY = YES_AGGRESSIVE;
				CLANG_WARN_UNREACHABLE_CODE = YES;
				CLANG_WARN__DUPLICATE_METHOD_MATCH = YES;
				COPY_PHASE_STRIP = NO;
				DEBUG_INFORMATION_FORMAT = "dwarf-with-dsym";
				ENABLE_NS_ASSERTIONS = NO;
				ENABLE_STRICT_OBJC_MSGSEND = YES;
				GCC_C_LANGUAGE_STANDARD = gnu11;
				GCC_NO_COMMON_BLOCKS = YES;
				GCC_WARN_64_TO_32_BIT_CONVERSION = YES;
				GCC_WARN_ABOUT_RETURN_TYPE = YES_ERROR;
				GCC_WARN_UNDECLARED_SELECTOR = YES;
				GCC_WARN_UNINITIALIZED_AUTOS = YES_AGGRESSIVE;
				GCC_WARN_UNUSED_FUNCTION = YES;
				GCC_WARN_UNUSED_VARIABLE = YES;
				IPHONEOS_DEPLOYMENT_TARGET = 13.0;
				MTL_ENABLE_DEBUG_INFO = NO;
				MTL_FAST_MATH = YES;
				SDKROOT = iphoneos;
				SWIFT_COMPILATION_MODE = wholemodule;
				SWIFT_OPTIMIZATION_LEVEL = "-O";
				VALIDATE_PRODUCT = YES;
			};
			name = Release;
		};
		82616F2E261EE94600C6A3F6 /* Debug */ = {
			isa = XCBuildConfiguration;
			buildSettings = {
				ASSETCATALOG_COMPILER_APPICON_NAME = AppIcon;
				ASSETCATALOG_COMPILER_GLOBAL_ACCENT_COLOR_NAME = AccentColor;
				CODE_SIGN_STYLE = Automatic;
				DEVELOPMENT_TEAM = CXGSXBF95K;
				INFOPLIST_FILE = "virtual-weapon/Central/Info.plist";
				LD_RUNPATH_SEARCH_PATHS = (
					"$(inherited)",
					"@executable_path/Frameworks",
				);
				PRODUCT_BUNDLE_IDENTIFIER = "com.sps17.virtual-weapon";
				PRODUCT_NAME = "$(TARGET_NAME)";
				SWIFT_VERSION = 5.0;
				TARGETED_DEVICE_FAMILY = 1;
			};
			name = Debug;
		};
		82616F2F261EE94600C6A3F6 /* Release */ = {
			isa = XCBuildConfiguration;
			buildSettings = {
				ASSETCATALOG_COMPILER_APPICON_NAME = AppIcon;
				ASSETCATALOG_COMPILER_GLOBAL_ACCENT_COLOR_NAME = AccentColor;
				CODE_SIGN_STYLE = Automatic;
				DEVELOPMENT_TEAM = CXGSXBF95K;
				INFOPLIST_FILE = "virtual-weapon/Central/Info.plist";
				LD_RUNPATH_SEARCH_PATHS = (
					"$(inherited)",
					"@executable_path/Frameworks",
				);
				PRODUCT_BUNDLE_IDENTIFIER = "com.sps17.virtual-weapon";
				PRODUCT_NAME = "$(TARGET_NAME)";
				SWIFT_VERSION = 5.0;
				TARGETED_DEVICE_FAMILY = 1;
			};
			name = Release;
		};
		82616F31261EE94600C6A3F6 /* Debug */ = {
			isa = XCBuildConfiguration;
			buildSettings = {
				ALWAYS_EMBED_SWIFT_STANDARD_LIBRARIES = YES;
				BUNDLE_LOADER = "$(TEST_HOST)";
				CODE_SIGN_STYLE = Automatic;
				DEVELOPMENT_TEAM = RV56STKFC9;
				INFOPLIST_FILE = "virtual-weaponTests/Info.plist";
				IPHONEOS_DEPLOYMENT_TARGET = 14.2;
				LD_RUNPATH_SEARCH_PATHS = (
					"$(inherited)",
					"@executable_path/Frameworks",
					"@loader_path/Frameworks",
				);
				PRODUCT_BUNDLE_IDENTIFIER = "com.sps17.virtual-weaponTests";
				PRODUCT_NAME = "$(TARGET_NAME)";
				SWIFT_VERSION = 5.0;
				TARGETED_DEVICE_FAMILY = "1,2";
				TEST_HOST = "$(BUILT_PRODUCTS_DIR)/virtual-weapon.app/virtual-weapon";
			};
			name = Debug;
		};
		82616F32261EE94600C6A3F6 /* Release */ = {
			isa = XCBuildConfiguration;
			buildSettings = {
				ALWAYS_EMBED_SWIFT_STANDARD_LIBRARIES = YES;
				BUNDLE_LOADER = "$(TEST_HOST)";
				CODE_SIGN_STYLE = Automatic;
				DEVELOPMENT_TEAM = RV56STKFC9;
				INFOPLIST_FILE = "virtual-weaponTests/Info.plist";
				IPHONEOS_DEPLOYMENT_TARGET = 14.2;
				LD_RUNPATH_SEARCH_PATHS = (
					"$(inherited)",
					"@executable_path/Frameworks",
					"@loader_path/Frameworks",
				);
				PRODUCT_BUNDLE_IDENTIFIER = "com.sps17.virtual-weaponTests";
				PRODUCT_NAME = "$(TARGET_NAME)";
				SWIFT_VERSION = 5.0;
				TARGETED_DEVICE_FAMILY = "1,2";
				TEST_HOST = "$(BUILT_PRODUCTS_DIR)/virtual-weapon.app/virtual-weapon";
			};
			name = Release;
		};
		82616F34261EE94600C6A3F6 /* Debug */ = {
			isa = XCBuildConfiguration;
			buildSettings = {
				ALWAYS_EMBED_SWIFT_STANDARD_LIBRARIES = YES;
				CODE_SIGN_STYLE = Automatic;
				DEVELOPMENT_TEAM = RV56STKFC9;
				INFOPLIST_FILE = "virtual-weaponUITests/Info.plist";
				LD_RUNPATH_SEARCH_PATHS = (
					"$(inherited)",
					"@executable_path/Frameworks",
					"@loader_path/Frameworks",
				);
				PRODUCT_BUNDLE_IDENTIFIER = "com.sps17.virtual-weaponUITests";
				PRODUCT_NAME = "$(TARGET_NAME)";
				SWIFT_VERSION = 5.0;
				TARGETED_DEVICE_FAMILY = "1,2";
				TEST_TARGET_NAME = "virtual-weapon";
			};
			name = Debug;
		};
		82616F35261EE94600C6A3F6 /* Release */ = {
			isa = XCBuildConfiguration;
			buildSettings = {
				ALWAYS_EMBED_SWIFT_STANDARD_LIBRARIES = YES;
				CODE_SIGN_STYLE = Automatic;
				DEVELOPMENT_TEAM = RV56STKFC9;
				INFOPLIST_FILE = "virtual-weaponUITests/Info.plist";
				LD_RUNPATH_SEARCH_PATHS = (
					"$(inherited)",
					"@executable_path/Frameworks",
					"@loader_path/Frameworks",
				);
				PRODUCT_BUNDLE_IDENTIFIER = "com.sps17.virtual-weaponUITests";
				PRODUCT_NAME = "$(TARGET_NAME)";
				SWIFT_VERSION = 5.0;
				TARGETED_DEVICE_FAMILY = "1,2";
				TEST_TARGET_NAME = "virtual-weapon";
			};
			name = Release;
		};
/* End XCBuildConfiguration section */

/* Begin XCConfigurationList section */
		822B68EA265215D200E2D07A /* Build configuration list for PBXNativeTarget "virtual-weapon-monitor" */ = {
			isa = XCConfigurationList;
			buildConfigurations = (
				822B68EB265215D200E2D07A /* Debug */,
				822B68EC265215D200E2D07A /* Release */,
			);
			defaultConfigurationIsVisible = 0;
			defaultConfigurationName = Release;
		};
		82616EFE261EE94400C6A3F6 /* Build configuration list for PBXProject "virtual-weapon" */ = {
			isa = XCConfigurationList;
			buildConfigurations = (
				82616F2B261EE94600C6A3F6 /* Debug */,
				82616F2C261EE94600C6A3F6 /* Release */,
			);
			defaultConfigurationIsVisible = 0;
			defaultConfigurationName = Release;
		};
		82616F2D261EE94600C6A3F6 /* Build configuration list for PBXNativeTarget "virtual-weapon" */ = {
			isa = XCConfigurationList;
			buildConfigurations = (
				82616F2E261EE94600C6A3F6 /* Debug */,
				82616F2F261EE94600C6A3F6 /* Release */,
			);
			defaultConfigurationIsVisible = 0;
			defaultConfigurationName = Release;
		};
		82616F30261EE94600C6A3F6 /* Build configuration list for PBXNativeTarget "virtual-weaponTests" */ = {
			isa = XCConfigurationList;
			buildConfigurations = (
				82616F31261EE94600C6A3F6 /* Debug */,
				82616F32261EE94600C6A3F6 /* Release */,
			);
			defaultConfigurationIsVisible = 0;
			defaultConfigurationName = Release;
		};
		82616F33261EE94600C6A3F6 /* Build configuration list for PBXNativeTarget "virtual-weaponUITests" */ = {
			isa = XCConfigurationList;
			buildConfigurations = (
				82616F34261EE94600C6A3F6 /* Debug */,
				82616F35261EE94600C6A3F6 /* Release */,
			);
			defaultConfigurationIsVisible = 0;
			defaultConfigurationName = Release;
		};
/* End XCConfigurationList section */
	};
	rootObject = 82616EFB261EE94400C6A3F6 /* Project object */;
}
